{
  "pins" : [
    {
      "identity" : "realm-core",
      "kind" : "remoteSourceControl",
      "location" : "https://github.com/realm/realm-core",
      "state" : {
        "revision" : "ab2b4947cd559746c775a3024972c5a9a09c47ba",
        "version" : "12.4.0"
      }
    },
    {
      "identity" : "realm-swift",
      "kind" : "remoteSourceControl",
      "location" : "https://github.com/realm/realm-swift",
      "state" : {
        "revision" : "effb114129eed128007d343b9eb0323f7c49c328",
        "version" : "10.28.4"
      }
    }
  ],
  "version" : 2
}
