// !$*UTF8*$!
{
	archiveVersion = 1;
	classes = {
	};
	objectVersion = 55;
	objects = {

/* Begin PBXBuildFile section */
		895D91242813D332006D786F /* ComicsListView.swift in Sources */ = {isa = PBXBuildFile; fileRef = 895D91232813D332006D786F /* ComicsListView.swift */; };
		895D91262813D363006D786F /* MainView.swift in Sources */ = {isa = PBXBuildFile; fileRef = 895D91252813D363006D786F /* MainView.swift */; };
		8968A6262812A8CA00D84D3D /* xkcdBrowserApp.swift in Sources */ = {isa = PBXBuildFile; fileRef = 8968A6252812A8CA00D84D3D /* xkcdBrowserApp.swift */; };
		8968A62A2812A8CC00D84D3D /* Assets.xcassets in Resources */ = {isa = PBXBuildFile; fileRef = 8968A6292812A8CC00D84D3D /* Assets.xcassets */; };
		8968A62D2812A8CC00D84D3D /* Preview Assets.xcassets in Resources */ = {isa = PBXBuildFile; fileRef = 8968A62C2812A8CC00D84D3D /* Preview Assets.xcassets */; };
		8968A6362812AA0A00D84D3D /* XKCDModel.swift in Sources */ = {isa = PBXBuildFile; fileRef = 8968A6352812AA0A00D84D3D /* XKCDModel.swift */; };
		8968A6382812D77F00D84D3D /* TodayView.swift in Sources */ = {isa = PBXBuildFile; fileRef = 8968A6372812D77F00D84D3D /* TodayView.swift */; };
		89D68E6E2813C24100D06CB8 /* XKCDViewModel.swift in Sources */ = {isa = PBXBuildFile; fileRef = 89D68E6D2813C24100D06CB8 /* XKCDViewModel.swift */; };
/* End PBXBuildFile section */

/* Begin PBXFileReference section */
		895D91232813D332006D786F /* ComicsListView.swift */ = {isa = PBXFileReference; lastKnownFileType = sourcecode.swift; path = ComicsListView.swift; sourceTree = "<group>"; };
		895D91252813D363006D786F /* MainView.swift */ = {isa = PBXFileReference; lastKnownFileType = sourcecode.swift; path = MainView.swift; sourceTree = "<group>"; };
		8968A6222812A8CA00D84D3D /* xkcdBrowser.app */ = {isa = PBXFileReference; explicitFileType = wrapper.application; includeInIndex = 0; path = xkcdBrowser.app; sourceTree = BUILT_PRODUCTS_DIR; };
		8968A6252812A8CA00D84D3D /* xkcdBrowserApp.swift */ = {isa = PBXFileReference; lastKnownFileType = sourcecode.swift; path = xkcdBrowserApp.swift; sourceTree = "<group>"; };
		8968A6292812A8CC00D84D3D /* Assets.xcassets */ = {isa = PBXFileReference; lastKnownFileType = folder.assetcatalog; path = Assets.xcassets; sourceTree = "<group>"; };
		8968A62C2812A8CC00D84D3D /* Preview Assets.xcassets */ = {isa = PBXFileReference; lastKnownFileType = folder.assetcatalog; path = "Preview Assets.xcassets"; sourceTree = "<group>"; };
		8968A6352812AA0A00D84D3D /* XKCDModel.swift */ = {isa = PBXFileReference; lastKnownFileType = sourcecode.swift; path = XKCDModel.swift; sourceTree = "<group>"; };
		8968A6372812D77F00D84D3D /* TodayView.swift */ = {isa = PBXFileReference; lastKnownFileType = sourcecode.swift; path = TodayView.swift; sourceTree = "<group>"; };
		89D68E6D2813C24100D06CB8 /* XKCDViewModel.swift */ = {isa = PBXFileReference; lastKnownFileType = sourcecode.swift; path = XKCDViewModel.swift; sourceTree = "<group>"; };
/* End PBXFileReference section */

/* Begin PBXFrameworksBuildPhase section */
		8968A61F2812A8CA00D84D3D /* Frameworks */ = {
			isa = PBXFrameworksBuildPhase;
			buildActionMask = 2147483647;
			files = (
			);
			runOnlyForDeploymentPostprocessing = 0;
		};
/* End PBXFrameworksBuildPhase section */

/* Begin PBXGroup section */
		8968A6192812A8CA00D84D3D = {
			isa = PBXGroup;
			children = (
				8968A6242812A8CA00D84D3D /* xkcdBrowser */,
				8968A6232812A8CA00D84D3D /* Products */,
			);
			sourceTree = "<group>";
		};
		8968A6232812A8CA00D84D3D /* Products */ = {
			isa = PBXGroup;
			children = (
				8968A6222812A8CA00D84D3D /* xkcdBrowser.app */,
			);
			name = Products;
			sourceTree = "<group>";
		};
		8968A6242812A8CA00D84D3D /* xkcdBrowser */ = {
			isa = PBXGroup;
			children = (
				8968A6292812A8CC00D84D3D /* Assets.xcassets */,
				8968A6332812A9F000D84D3D /* Model */,
				8968A62B2812A8CC00D84D3D /* Preview Content */,
				8968A6342812A9F700D84D3D /* View */,
				89D68E6C2813C22300D06CB8 /* View Model */,
				8968A6252812A8CA00D84D3D /* xkcdBrowserApp.swift */,
			);
			path = xkcdBrowser;
			sourceTree = "<group>";
		};
		8968A62B2812A8CC00D84D3D /* Preview Content */ = {
			isa = PBXGroup;
			children = (
				8968A62C2812A8CC00D84D3D /* Preview Assets.xcassets */,
			);
			path = "Preview Content";
			sourceTree = "<group>";
		};
		8968A6332812A9F000D84D3D /* Model */ = {
			isa = PBXGroup;
			children = (
				8968A6352812AA0A00D84D3D /* XKCDModel.swift */,
			);
			path = Model;
			sourceTree = "<group>";
		};
		8968A6342812A9F700D84D3D /* View */ = {
			isa = PBXGroup;
			children = (
				8968A6372812D77F00D84D3D /* TodayView.swift */,
				895D91232813D332006D786F /* ComicsListView.swift */,
				895D91252813D363006D786F /* MainView.swift */,
			);
			path = View;
			sourceTree = "<group>";
		};
		89D68E6C2813C22300D06CB8 /* View Model */ = {
			isa = PBXGroup;
			children = (
				89D68E6D2813C24100D06CB8 /* XKCDViewModel.swift */,
			);
			path = "View Model";
			sourceTree = "<group>";
		};
/* End PBXGroup section */

/* Begin PBXNativeTarget section */
		8968A6212812A8CA00D84D3D /* xkcdBrowser */ = {
			isa = PBXNativeTarget;
			buildConfigurationList = 8968A6302812A8CC00D84D3D /* Build configuration list for PBXNativeTarget "xkcdBrowser" */;
			buildPhases = (
				8968A61E2812A8CA00D84D3D /* Sources */,
				8968A61F2812A8CA00D84D3D /* Frameworks */,
				8968A6202812A8CA00D84D3D /* Resources */,
			);
			buildRules = (
			);
			dependencies = (
			);
			name = xkcdBrowser;
			productName = xkcdBrowser;
			productReference = 8968A6222812A8CA00D84D3D /* xkcdBrowser.app */;
			productType = "com.apple.product-type.application";
		};
/* End PBXNativeTarget section */

/* Begin PBXProject section */
		8968A61A2812A8CA00D84D3D /* Project object */ = {
			isa = PBXProject;
			attributes = {
				BuildIndependentTargetsInParallel = 1;
				LastSwiftUpdateCheck = 1330;
				LastUpgradeCheck = 1330;
				TargetAttributes = {
					8968A6212812A8CA00D84D3D = {
						CreatedOnToolsVersion = 13.3.1;
					};
				};
			};
			buildConfigurationList = 8968A61D2812A8CA00D84D3D /* Build configuration list for PBXProject "xkcdBrowser" */;
			compatibilityVersion = "Xcode 13.0";
			developmentRegion = en;
			hasScannedForEncodings = 0;
			knownRegions = (
				en,
				Base,
			);
			mainGroup = 8968A6192812A8CA00D84D3D;
			productRefGroup = 8968A6232812A8CA00D84D3D /* Products */;
			projectDirPath = "";
			projectRoot = "";
			targets = (
				8968A6212812A8CA00D84D3D /* xkcdBrowser */,
			);
		};
/* End PBXProject section */

/* Begin PBXResourcesBuildPhase section */
		8968A6202812A8CA00D84D3D /* Resources */ = {
			isa = PBXResourcesBuildPhase;
			buildActionMask = 2147483647;
			files = (
				8968A62D2812A8CC00D84D3D /* Preview Assets.xcassets in Resources */,
				8968A62A2812A8CC00D84D3D /* Assets.xcassets in Resources */,
			);
			runOnlyForDeploymentPostprocessing = 0;
		};
/* End PBXResourcesBuildPhase section */

/* Begin PBXSourcesBuildPhase section */
		8968A61E2812A8CA00D84D3D /* Sources */ = {
			isa = PBXSourcesBuildPhase;
			buildActionMask = 2147483647;
			files = (
				895D91262813D363006D786F /* MainView.swift in Sources */,
				89D68E6E2813C24100D06CB8 /* XKCDViewModel.swift in Sources */,
				8968A6262812A8CA00D84D3D /* xkcdBrowserApp.swift in Sources */,
				8968A6382812D77F00D84D3D /* TodayView.swift in Sources */,
				8968A6362812AA0A00D84D3D /* XKCDModel.swift in Sources */,
				895D91242813D332006D786F /* ComicsListView.swift in Sources */,
			);
			runOnlyForDeploymentPostprocessing = 0;
		};
/* End PBXSourcesBuildPhase section */

/* Begin XCBuildConfiguration section */
		8968A62E2812A8CC00D84D3D /* Debug */ = {
			isa = XCBuildConfiguration;
			buildSettings = {
				ALWAYS_SEARCH_USER_PATHS = NO;
				CLANG_ANALYZER_NONNULL = YES;
				CLANG_ANALYZER_NUMBER_OBJECT_CONVERSION = YES_AGGRESSIVE;
				CLANG_CXX_LANGUAGE_STANDARD = "gnu++17";
				CLANG_ENABLE_MODULES = YES;
				CLANG_ENABLE_OBJC_ARC = YES;
				CLANG_ENABLE_OBJC_WEAK = YES;
				CLANG_WARN_BLOCK_CAPTURE_AUTORELEASING = YES;
				CLANG_WARN_BOOL_CONVERSION = YES;
				CLANG_WARN_COMMA = YES;
				CLANG_WARN_CONSTANT_CONVERSION = YES;
				CLANG_WARN_DEPRECATED_OBJC_IMPLEMENTATIONS = YES;
				CLANG_WARN_DIRECT_OBJC_ISA_USAGE = YES_ERROR;
				CLANG_WARN_DOCUMENTATION_COMMENTS = YES;
				CLANG_WARN_EMPTY_BODY = YES;
				CLANG_WARN_ENUM_CONVERSION = YES;
				CLANG_WARN_INFINITE_RECURSION = YES;
				CLANG_WARN_INT_CONVERSION = YES;
				CLANG_WARN_NON_LITERAL_NULL_CONVERSION = YES;
				CLANG_WARN_OBJC_IMPLICIT_RETAIN_SELF = YES;
				CLANG_WARN_OBJC_LITERAL_CONVERSION = YES;
				CLANG_WARN_OBJC_ROOT_CLASS = YES_ERROR;
				CLANG_WARN_QUOTED_INCLUDE_IN_FRAMEWORK_HEADER = YES;
				CLANG_WARN_RANGE_LOOP_ANALYSIS = YES;
				CLANG_WARN_STRICT_PROTOTYPES = YES;
				CLANG_WARN_SUSPICIOUS_MOVE = YES;
				CLANG_WARN_UNGUARDED_AVAILABILITY = YES_AGGRESSIVE;
				CLANG_WARN_UNREACHABLE_CODE = YES;
				CLANG_WARN__DUPLICATE_METHOD_MATCH = YES;
				COPY_PHASE_STRIP = NO;
				DEBUG_INFORMATION_FORMAT = dwarf;
				ENABLE_STRICT_OBJC_MSGSEND = YES;
				ENABLE_TESTABILITY = YES;
				GCC_C_LANGUAGE_STANDARD = gnu11;
				GCC_DYNAMIC_NO_PIC = NO;
				GCC_NO_COMMON_BLOCKS = YES;
				GCC_OPTIMIZATION_LEVEL = 0;
				GCC_PREPROCESSOR_DEFINITIONS = (
					"DEBUG=1",
					"$(inherited)",
				);
				GCC_WARN_64_TO_32_BIT_CONVERSION = YES;
				GCC_WARN_ABOUT_RETURN_TYPE = YES_ERROR;
				GCC_WARN_UNDECLARED_SELECTOR = YES;
				GCC_WARN_UNINITIALIZED_AUTOS = YES_AGGRESSIVE;
				GCC_WARN_UNUSED_FUNCTION = YES;
				GCC_WARN_UNUSED_VARIABLE = YES;
				IPHONEOS_DEPLOYMENT_TARGET = 15.4;
				MTL_ENABLE_DEBUG_INFO = INCLUDE_SOURCE;
				MTL_FAST_MATH = YES;
				ONLY_ACTIVE_ARCH = YES;
				SDKROOT = iphoneos;
				SWIFT_ACTIVE_COMPILATION_CONDITIONS = DEBUG;
				SWIFT_OPTIMIZATION_LEVEL = "-Onone";
			};
			name = Debug;
		};
		8968A62F2812A8CC00D84D3D /* Release */ = {
			isa = XCBuildConfiguration;
			buildSettings = {
				ALWAYS_SEARCH_USER_PATHS = NO;
				CLANG_ANALYZER_NONNULL = YES;
				CLANG_ANALYZER_NUMBER_OBJECT_CONVERSION = YES_AGGRESSIVE;
				CLANG_CXX_LANGUAGE_STANDARD = "gnu++17";
				CLANG_ENABLE_MODULES = YES;
				CLANG_ENABLE_OBJC_ARC = YES;
				CLANG_ENABLE_OBJC_WEAK = YES;
				CLANG_WARN_BLOCK_CAPTURE_AUTORELEASING = YES;
				CLANG_WARN_BOOL_CONVERSION = YES;
				CLANG_WARN_COMMA = YES;
				CLANG_WARN_CONSTANT_CONVERSION = YES;
				CLANG_WARN_DEPRECATED_OBJC_IMPLEMENTATIONS = YES;
				CLANG_WARN_DIRECT_OBJC_ISA_USAGE = YES_ERROR;
				CLANG_WARN_DOCUMENTATION_COMMENTS = YES;
				CLANG_WARN_EMPTY_BODY = YES;
				CLANG_WARN_ENUM_CONVERSION = YES;
				CLANG_WARN_INFINITE_RECURSION = YES;
				CLANG_WARN_INT_CONVERSION = YES;
				CLANG_WARN_NON_LITERAL_NULL_CONVERSION = YES;
				CLANG_WARN_OBJC_IMPLICIT_RETAIN_SELF = YES;
				CLANG_WARN_OBJC_LITERAL_CONVERSION = YES;
				CLANG_WARN_OBJC_ROOT_CLASS = YES_ERROR;
				CLANG_WARN_QUOTED_INCLUDE_IN_FRAMEWORK_HEADER = YES;
				CLANG_WARN_RANGE_LOOP_ANALYSIS = YES;
				CLANG_WARN_STRICT_PROTOTYPES = YES;
				CLANG_WARN_SUSPICIOUS_MOVE = YES;
				CLANG_WARN_UNGUARDED_AVAILABILITY = YES_AGGRESSIVE;
				CLANG_WARN_UNREACHABLE_CODE = YES;
				CLANG_WARN__DUPLICATE_METHOD_MATCH = YES;
				COPY_PHASE_STRIP = NO;
				DEBUG_INFORMATION_FORMAT = "dwarf-with-dsym";
				ENABLE_NS_ASSERTIONS = NO;
				ENABLE_STRICT_OBJC_MSGSEND = YES;
				GCC_C_LANGUAGE_STANDARD = gnu11;
				GCC_NO_COMMON_BLOCKS = YES;
				GCC_WARN_64_TO_32_BIT_CONVERSION = YES;
				GCC_WARN_ABOUT_RETURN_TYPE = YES_ERROR;
				GCC_WARN_UNDECLARED_SELECTOR = YES;
				GCC_WARN_UNINITIALIZED_AUTOS = YES_AGGRESSIVE;
				GCC_WARN_UNUSED_FUNCTION = YES;
				GCC_WARN_UNUSED_VARIABLE = YES;
				IPHONEOS_DEPLOYMENT_TARGET = 15.4;
				MTL_ENABLE_DEBUG_INFO = NO;
				MTL_FAST_MATH = YES;
				SDKROOT = iphoneos;
				SWIFT_COMPILATION_MODE = wholemodule;
				SWIFT_OPTIMIZATION_LEVEL = "-O";
				VALIDATE_PRODUCT = YES;
			};
			name = Release;
		};
		8968A6312812A8CC00D84D3D /* Debug */ = {
			isa = XCBuildConfiguration;
			buildSettings = {
				ASSETCATALOG_COMPILER_APPICON_NAME = AppIcon;
				ASSETCATALOG_COMPILER_GLOBAL_ACCENT_COLOR_NAME = AccentColor;
				CODE_SIGN_STYLE = Automatic;
				CURRENT_PROJECT_VERSION = 1;
				DEVELOPMENT_ASSET_PATHS = "\"xkcdBrowser/Preview Content\"";
				DEVELOPMENT_TEAM = 54893W6U2X;
				ENABLE_PREVIEWS = YES;
				GENERATE_INFOPLIST_FILE = YES;
				INFOPLIST_KEY_UIApplicationSceneManifest_Generation = YES;
				INFOPLIST_KEY_UIApplicationSupportsIndirectInputEvents = YES;
				INFOPLIST_KEY_UILaunchScreen_Generation = YES;
				INFOPLIST_KEY_UISupportedInterfaceOrientations_iPad = "UIInterfaceOrientationPortrait UIInterfaceOrientationPortraitUpsideDown UIInterfaceOrientationLandscapeLeft UIInterfaceOrientationLandscapeRight";
				INFOPLIST_KEY_UISupportedInterfaceOrientations_iPhone = "UIInterfaceOrientationPortrait UIInterfaceOrientationLandscapeLeft UIInterfaceOrientationLandscapeRight";
				LD_RUNPATH_SEARCH_PATHS = (
					"$(inherited)",
					"@executable_path/Frameworks",
				);
				MARKETING_VERSION = 1.0;
				PRODUCT_BUNDLE_IDENTIFIER = com.mtaleiko.xkcdBrowser;
				PRODUCT_NAME = "$(TARGET_NAME)";
				SWIFT_EMIT_LOC_STRINGS = YES;
				SWIFT_VERSION = 5.0;
				TARGETED_DEVICE_FAMILY = "1,2";
			};
			name = Debug;
		};
		8968A6322812A8CC00D84D3D /* Release */ = {
			isa = XCBuildConfiguration;
			buildSettings = {
				ASSETCATALOG_COMPILER_APPICON_NAME = AppIcon;
				ASSETCATALOG_COMPILER_GLOBAL_ACCENT_COLOR_NAME = AccentColor;
				CODE_SIGN_STYLE = Automatic;
				CURRENT_PROJECT_VERSION = 1;
				DEVELOPMENT_ASSET_PATHS = "\"xkcdBrowser/Preview Content\"";
				DEVELOPMENT_TEAM = 54893W6U2X;
				ENABLE_PREVIEWS = YES;
				GENERATE_INFOPLIST_FILE = YES;
				INFOPLIST_KEY_UIApplicationSceneManifest_Generation = YES;
				INFOPLIST_KEY_UIApplicationSupportsIndirectInputEvents = YES;
				INFOPLIST_KEY_UILaunchScreen_Generation = YES;
				INFOPLIST_KEY_UISupportedInterfaceOrientations_iPad = "UIInterfaceOrientationPortrait UIInterfaceOrientationPortraitUpsideDown UIInterfaceOrientationLandscapeLeft UIInterfaceOrientationLandscapeRight";
				INFOPLIST_KEY_UISupportedInterfaceOrientations_iPhone = "UIInterfaceOrientationPortrait UIInterfaceOrientationLandscapeLeft UIInterfaceOrientationLandscapeRight";
				LD_RUNPATH_SEARCH_PATHS = (
					"$(inherited)",
					"@executable_path/Frameworks",
				);
				MARKETING_VERSION = 1.0;
				PRODUCT_BUNDLE_IDENTIFIER = com.mtaleiko.xkcdBrowser;
				PRODUCT_NAME = "$(TARGET_NAME)";
				SWIFT_EMIT_LOC_STRINGS = YES;
				SWIFT_VERSION = 5.0;
				TARGETED_DEVICE_FAMILY = "1,2";
			};
			name = Release;
		};
/* End XCBuildConfiguration section */

/* Begin XCConfigurationList section */
		8968A61D2812A8CA00D84D3D /* Build configuration list for PBXProject "xkcdBrowser" */ = {
			isa = XCConfigurationList;
			buildConfigurations = (
				8968A62E2812A8CC00D84D3D /* Debug */,
				8968A62F2812A8CC00D84D3D /* Release */,
			);
			defaultConfigurationIsVisible = 0;
			defaultConfigurationName = Release;
		};
		8968A6302812A8CC00D84D3D /* Build configuration list for PBXNativeTarget "xkcdBrowser" */ = {
			isa = XCConfigurationList;
			buildConfigurations = (
				8968A6312812A8CC00D84D3D /* Debug */,
				8968A6322812A8CC00D84D3D /* Release */,
			);
			defaultConfigurationIsVisible = 0;
			defaultConfigurationName = Release;
		};
/* End XCConfigurationList section */
	};
	rootObject = 8968A61A2812A8CA00D84D3D /* Project object */;
}
